
Microsoft Visual Studio Solution File, Format Version 12.00
# Visual Studio Version 16
VisualStudioVersion = 16.0.31624.102
MinimumVisualStudioVersion = 10.0.40219.1
Project("{9A19103F-16F7-4668-BE54-9A1E7A4F7556}") = "MSALConsolidatedGraphAndSharePointConsent", "MSALConsolidatedGraphAndSharePointConsent\MSALConsolidatedGraphAndSharePointConsent.csproj", "{6F2C11BD-2DB4-40D2-9794-C00B9F0317DE}"
EndProject
Project("{2150E333-8FDC-42A3-9474-1A3956D46DE8}") = "docs", "docs", "{AE0E0610-F803-4A04-92E9-AD073FA6395D}"
	ProjectSection(SolutionItems) = preProject
		MSALConsolidatedGraphAndSharePointConsent\ms-docs-withextrascopestoconsent.png = MSALConsolidatedGraphAndSharePointConsent\ms-docs-withextrascopestoconsent.png
	EndProjectSection
EndProject
Global
	GlobalSection(SolutionConfigurationPlatforms) = preSolution
		Debug|Any CPU = Debug|Any CPU
		Release|Any CPU = Release|Any CPU
	EndGlobalSection
	GlobalSection(ProjectConfigurationPlatforms) = postSolution
		{6F2C11BD-2DB4-40D2-9794-C00B9F0317DE}.Debug|Any CPU.ActiveCfg = Debug|Any CPU
		{6F2C11BD-2DB4-40D2-9794-C00B9F0317DE}.Debug|Any CPU.Build.0 = Debug|Any CPU
		{6F2C11BD-2DB4-40D2-9794-C00B9F0317DE}.Release|Any CPU.ActiveCfg = Release|Any CPU
		{6F2C11BD-2DB4-40D2-9794-C00B9F0317DE}.Release|Any CPU.Build.0 = Release|Any CPU
	EndGlobalSection
	GlobalSection(SolutionProperties) = preSolution
		HideSolutionNode = FALSE
	EndGlobalSection
	GlobalSection(ExtensibilityGlobals) = postSolution
		SolutionGuid = {613D9ECF-8DB8-455B-92D2-174F32FF35E9}
	EndGlobalSection
EndGlobal
